{
  "object": {
    "pins": [
      {
        "package": "FileCheck",
        "repositoryURL": "https://github.com/llvm-swift/FileCheck.git",
        "state": {
          "branch": null,
          "revision": "89b8480055f9adf8ce2f9ad5e2fac7ac1076242e",
          "version": "0.0.8"
        }
      },
      {
        "package": "Komondor",
        "repositoryURL": "https://github.com/orta/Komondor.git",
        "state": {
          "branch": null,
          "revision": "e48fb2186f642885254277038508f5f2c7d96eb3",
          "version": "1.0.1"
        }
      },
      {
        "package": "PackageConfig",
        "repositoryURL": "https://github.com/orta/PackageConfig.git",
        "state": {
          "branch": null,
          "revision": "5aa8c836b577b3312e5bee6ff15c61cd7d649804",
          "version": "0.0.1"
        }
      },
      {
        "package": "ShellOut",
        "repositoryURL": "https://github.com/JohnSundell/ShellOut.git",
        "state": {
          "branch": null,
          "revision": "f1c253a34a40df4bfd268b09fdb101b059f6d52d",
          "version": "2.1.0"
        }
      },
      {
        "package": "SwiftCheck",
        "repositoryURL": "https://github.com/typelift/SwiftCheck.git",
        "state": {
          "branch": null,
          "revision": "cf9958085b2ee1643e541e407c3233d1b76c18ff",
          "version": "0.11.0"
        }
      },
      {
        "package": "SwiftFormat",
        "repositoryURL": "https://github.com/nicklockwood/SwiftFormat.git",
        "state": {
          "branch": null,
          "revision": "67219a30460f0459bfbe4b21e8bb55cc70bcbf50",
          "version": "0.37.1"
        }
      }
    ]
  },
  "version": 1
}
