// !$*UTF8*$!
{
	archiveVersion = 1;
	classes = {
	};
	objectVersion = 46;
	objects = {

/* Begin PBXAggregateTarget section */
		Reader::ReaderPackageTests::ProductTarget /* ReaderPackageTests */ = {
			isa = PBXAggregateTarget;
			buildConfigurationList = OBJ_51 /* Build configuration list for PBXAggregateTarget "ReaderPackageTests" */;
			buildPhases = (
			);
			dependencies = (
				OBJ_54 /* PBXTargetDependency */,
			);
			name = ReaderPackageTests;
			productName = ReaderPackageTests;
		};
/* End PBXAggregateTarget section */

/* Begin PBXBuildFile section */
		1EC50AF921C6AB81003787D3 /* Reader+SwiftCheck.swift in Sources */ = {isa = PBXBuildFile; fileRef = 1EC50AF821C6AB81003787D3 /* Reader+SwiftCheck.swift */; };
		OBJ_42 /* Reader.swift in Sources */ = {isa = PBXBuildFile; fileRef = OBJ_9 /* Reader.swift */; };
		OBJ_49 /* Package.swift in Sources */ = {isa = PBXBuildFile; fileRef = OBJ_6 /* Package.swift */; };
		OBJ_60 /* ReaderTests.swift in Sources */ = {isa = PBXBuildFile; fileRef = OBJ_12 /* ReaderTests.swift */; };
		OBJ_62 /* SwiftCheck.framework in Frameworks */ = {isa = PBXBuildFile; fileRef = SwiftCheck::SwiftCheck::Product /* SwiftCheck.framework */; };
		OBJ_63 /* Reader.framework in Frameworks */ = {isa = PBXBuildFile; fileRef = Reader::Reader::Product /* Reader.framework */; };
		OBJ_71 /* Arbitrary.swift in Sources */ = {isa = PBXBuildFile; fileRef = OBJ_17 /* Arbitrary.swift */; };
		OBJ_72 /* Cartesian.swift in Sources */ = {isa = PBXBuildFile; fileRef = OBJ_18 /* Cartesian.swift */; };
		OBJ_73 /* Check.swift in Sources */ = {isa = PBXBuildFile; fileRef = OBJ_19 /* Check.swift */; };
		OBJ_74 /* CoArbitrary.swift in Sources */ = {isa = PBXBuildFile; fileRef = OBJ_20 /* CoArbitrary.swift */; };
		OBJ_75 /* Compose.swift in Sources */ = {isa = PBXBuildFile; fileRef = OBJ_21 /* Compose.swift */; };
		OBJ_76 /* Gen.swift in Sources */ = {isa = PBXBuildFile; fileRef = OBJ_22 /* Gen.swift */; };
		OBJ_77 /* Lattice.swift in Sources */ = {isa = PBXBuildFile; fileRef = OBJ_23 /* Lattice.swift */; };
		OBJ_78 /* Modifiers.swift in Sources */ = {isa = PBXBuildFile; fileRef = OBJ_24 /* Modifiers.swift */; };
		OBJ_79 /* Property.swift in Sources */ = {isa = PBXBuildFile; fileRef = OBJ_25 /* Property.swift */; };
		OBJ_80 /* Random.swift in Sources */ = {isa = PBXBuildFile; fileRef = OBJ_26 /* Random.swift */; };
		OBJ_81 /* Rose.swift in Sources */ = {isa = PBXBuildFile; fileRef = OBJ_27 /* Rose.swift */; };
		OBJ_82 /* State.swift in Sources */ = {isa = PBXBuildFile; fileRef = OBJ_28 /* State.swift */; };
		OBJ_83 /* Test.swift in Sources */ = {isa = PBXBuildFile; fileRef = OBJ_29 /* Test.swift */; };
		OBJ_84 /* Testable.swift in Sources */ = {isa = PBXBuildFile; fileRef = OBJ_30 /* Testable.swift */; };
		OBJ_85 /* WitnessedArbitrary.swift in Sources */ = {isa = PBXBuildFile; fileRef = OBJ_31 /* WitnessedArbitrary.swift */; };
		OBJ_92 /* Package.swift in Sources */ = {isa = PBXBuildFile; fileRef = OBJ_32 /* Package.swift */; };
/* End PBXBuildFile section */

/* Begin PBXContainerItemProxy section */
		1EC50AF521C6AB59003787D3 /* PBXContainerItemProxy */ = {
			isa = PBXContainerItemProxy;
			containerPortal = OBJ_1 /* Project object */;
			proxyType = 1;
			remoteGlobalIDString = "SwiftCheck::SwiftCheck";
			remoteInfo = SwiftCheck;
		};
		1EC50AF621C6AB59003787D3 /* PBXContainerItemProxy */ = {
			isa = PBXContainerItemProxy;
			containerPortal = OBJ_1 /* Project object */;
			proxyType = 1;
			remoteGlobalIDString = "Reader::Reader";
			remoteInfo = Reader;
		};
		1EC50AF721C6AB5C003787D3 /* PBXContainerItemProxy */ = {
			isa = PBXContainerItemProxy;
			containerPortal = OBJ_1 /* Project object */;
			proxyType = 1;
			remoteGlobalIDString = "Reader::ReaderTests";
			remoteInfo = ReaderTests;
		};
/* End PBXContainerItemProxy section */

/* Begin PBXFileReference section */
		1EC50AF821C6AB81003787D3 /* Reader+SwiftCheck.swift */ = {isa = PBXFileReference; lastKnownFileType = sourcecode.swift; path = "Reader+SwiftCheck.swift"; sourceTree = "<group>"; };
		OBJ_12 /* ReaderTests.swift */ = {isa = PBXFileReference; lastKnownFileType = sourcecode.swift; path = ReaderTests.swift; sourceTree = "<group>"; };
		OBJ_13 /* Reader.xcworkspace */ = {isa = PBXFileReference; lastKnownFileType = wrapper.workspace; path = Reader.xcworkspace; sourceTree = SOURCE_ROOT; };
		OBJ_17 /* Arbitrary.swift */ = {isa = PBXFileReference; lastKnownFileType = sourcecode.swift; path = Arbitrary.swift; sourceTree = "<group>"; };
		OBJ_18 /* Cartesian.swift */ = {isa = PBXFileReference; lastKnownFileType = sourcecode.swift; path = Cartesian.swift; sourceTree = "<group>"; };
		OBJ_19 /* Check.swift */ = {isa = PBXFileReference; lastKnownFileType = sourcecode.swift; path = Check.swift; sourceTree = "<group>"; };
		OBJ_20 /* CoArbitrary.swift */ = {isa = PBXFileReference; lastKnownFileType = sourcecode.swift; path = CoArbitrary.swift; sourceTree = "<group>"; };
		OBJ_21 /* Compose.swift */ = {isa = PBXFileReference; lastKnownFileType = sourcecode.swift; path = Compose.swift; sourceTree = "<group>"; };
		OBJ_22 /* Gen.swift */ = {isa = PBXFileReference; lastKnownFileType = sourcecode.swift; path = Gen.swift; sourceTree = "<group>"; };
		OBJ_23 /* Lattice.swift */ = {isa = PBXFileReference; lastKnownFileType = sourcecode.swift; path = Lattice.swift; sourceTree = "<group>"; };
		OBJ_24 /* Modifiers.swift */ = {isa = PBXFileReference; lastKnownFileType = sourcecode.swift; path = Modifiers.swift; sourceTree = "<group>"; };
		OBJ_25 /* Property.swift */ = {isa = PBXFileReference; lastKnownFileType = sourcecode.swift; path = Property.swift; sourceTree = "<group>"; };
		OBJ_26 /* Random.swift */ = {isa = PBXFileReference; lastKnownFileType = sourcecode.swift; path = Random.swift; sourceTree = "<group>"; };
		OBJ_27 /* Rose.swift */ = {isa = PBXFileReference; lastKnownFileType = sourcecode.swift; path = Rose.swift; sourceTree = "<group>"; };
		OBJ_28 /* State.swift */ = {isa = PBXFileReference; lastKnownFileType = sourcecode.swift; path = State.swift; sourceTree = "<group>"; };
		OBJ_29 /* Test.swift */ = {isa = PBXFileReference; lastKnownFileType = sourcecode.swift; path = Test.swift; sourceTree = "<group>"; };
		OBJ_30 /* Testable.swift */ = {isa = PBXFileReference; lastKnownFileType = sourcecode.swift; path = Testable.swift; sourceTree = "<group>"; };
		OBJ_31 /* WitnessedArbitrary.swift */ = {isa = PBXFileReference; lastKnownFileType = sourcecode.swift; path = WitnessedArbitrary.swift; sourceTree = "<group>"; };
		OBJ_32 /* Package.swift */ = {isa = PBXFileReference; explicitFileType = sourcecode.swift; name = Package.swift; path = Package.swift; sourceTree = "<group>"; };
		OBJ_6 /* Package.swift */ = {isa = PBXFileReference; explicitFileType = sourcecode.swift; path = Package.swift; sourceTree = "<group>"; };
		OBJ_9 /* Reader.swift */ = {isa = PBXFileReference; lastKnownFileType = sourcecode.swift; path = Reader.swift; sourceTree = "<group>"; };
		Reader::Reader::Product /* Reader.framework */ = {isa = PBXFileReference; lastKnownFileType = wrapper.framework; path = Reader.framework; sourceTree = BUILT_PRODUCTS_DIR; };
		Reader::ReaderTests::Product /* ReaderTests.xctest */ = {isa = PBXFileReference; lastKnownFileType = file; path = ReaderTests.xctest; sourceTree = BUILT_PRODUCTS_DIR; };
		SwiftCheck::SwiftCheck::Product /* SwiftCheck.framework */ = {isa = PBXFileReference; lastKnownFileType = wrapper.framework; path = SwiftCheck.framework; sourceTree = BUILT_PRODUCTS_DIR; };
/* End PBXFileReference section */

/* Begin PBXFrameworksBuildPhase section */
		OBJ_43 /* Frameworks */ = {
			isa = PBXFrameworksBuildPhase;
			buildActionMask = 0;
			files = (
			);
			runOnlyForDeploymentPostprocessing = 0;
		};
		OBJ_61 /* Frameworks */ = {
			isa = PBXFrameworksBuildPhase;
			buildActionMask = 0;
			files = (
				OBJ_62 /* SwiftCheck.framework in Frameworks */,
				OBJ_63 /* Reader.framework in Frameworks */,
			);
			runOnlyForDeploymentPostprocessing = 0;
		};
		OBJ_86 /* Frameworks */ = {
			isa = PBXFrameworksBuildPhase;
			buildActionMask = 0;
			files = (
			);
			runOnlyForDeploymentPostprocessing = 0;
		};
/* End PBXFrameworksBuildPhase section */

/* Begin PBXGroup section */
		OBJ_10 /* Tests */ = {
			isa = PBXGroup;
			children = (
				OBJ_11 /* ReaderTests */,
			);
			name = Tests;
			path = Tests;
			sourceTree = "<group>";
		};
		OBJ_11 /* ReaderTests */ = {
			isa = PBXGroup;
			children = (
				1EC50AF821C6AB81003787D3 /* Reader+SwiftCheck.swift */,
				OBJ_12 /* ReaderTests.swift */,
			);
			name = ReaderTests;
			path = ReaderTests;
			sourceTree = "<group>";
		};
		OBJ_14 /* Dependencies */ = {
			isa = PBXGroup;
			children = (
				OBJ_15 /* SwiftCheck 0.11.0 */,
			);
			name = Dependencies;
			path = Dependencies;
			sourceTree = "<group>";
		};
		OBJ_15 /* SwiftCheck 0.11.0 */ = {
			isa = PBXGroup;
			children = (
				OBJ_16 /* SwiftCheck */,
				OBJ_32 /* Package.swift */,
			);
			name = "SwiftCheck 0.11.0";
			path = "SwiftCheck 0.11.0";
			sourceTree = "<group>";
		};
		OBJ_16 /* SwiftCheck */ = {
			isa = PBXGroup;
			children = (
				OBJ_17 /* Arbitrary.swift */,
				OBJ_18 /* Cartesian.swift */,
				OBJ_19 /* Check.swift */,
				OBJ_20 /* CoArbitrary.swift */,
				OBJ_21 /* Compose.swift */,
				OBJ_22 /* Gen.swift */,
				OBJ_23 /* Lattice.swift */,
				OBJ_24 /* Modifiers.swift */,
				OBJ_25 /* Property.swift */,
				OBJ_26 /* Random.swift */,
				OBJ_27 /* Rose.swift */,
				OBJ_28 /* State.swift */,
				OBJ_29 /* Test.swift */,
				OBJ_30 /* Testable.swift */,
				OBJ_31 /* WitnessedArbitrary.swift */,
			);
			name = SwiftCheck;
			path = SwiftCheck;
			sourceTree = "<group>";
		};
		OBJ_33 /* Products */ = {
			isa = PBXGroup;
			children = (
				Reader::ReaderTests::Product /* ReaderTests.xctest */,
				Reader::Reader::Product /* Reader.framework */,
				SwiftCheck::SwiftCheck::Product /* SwiftCheck.framework */,
			);
			name = Products;
			sourceTree = BUILT_PRODUCTS_DIR;
		};
		OBJ_5 = {
			isa = PBXGroup;
			children = (
				OBJ_14 /* Dependencies */,
				OBJ_33 /* Products */,
				OBJ_7 /* Sources */,
				OBJ_10 /* Tests */,
				OBJ_6 /* Package.swift */,
				OBJ_13 /* Reader.xcworkspace */,
			);
			name = "";
			sourceTree = "<group>";
		};
		OBJ_7 /* Sources */ = {
			isa = PBXGroup;
			children = (
				OBJ_8 /* Reader */,
			);
			name = Sources;
			path = Sources;
			sourceTree = "<group>";
		};
		OBJ_8 /* Reader */ = {
			isa = PBXGroup;
			children = (
				OBJ_9 /* Reader.swift */,
			);
			name = Reader;
			path = Reader;
			sourceTree = "<group>";
		};
/* End PBXGroup section */

/* Begin PBXNativeTarget section */
		Reader::Reader /* Reader */ = {
			isa = PBXNativeTarget;
			buildConfigurationList = OBJ_38 /* Build configuration list for PBXNativeTarget "Reader" */;
			buildPhases = (
				OBJ_41 /* Sources */,
				OBJ_43 /* Frameworks */,
			);
			buildRules = (
			);
			dependencies = (
			);
			name = Reader;
			productName = Reader;
			productReference = Reader::Reader::Product /* Reader.framework */;
			productType = "com.apple.product-type.framework";
		};
		Reader::ReaderTests /* ReaderTests */ = {
			isa = PBXNativeTarget;
			buildConfigurationList = OBJ_56 /* Build configuration list for PBXNativeTarget "ReaderTests" */;
			buildPhases = (
				OBJ_59 /* Sources */,
				OBJ_61 /* Frameworks */,
			);
			buildRules = (
			);
			dependencies = (
				OBJ_64 /* PBXTargetDependency */,
				OBJ_66 /* PBXTargetDependency */,
			);
			name = ReaderTests;
			productName = ReaderTests;
			productReference = Reader::ReaderTests::Product /* ReaderTests.xctest */;
			productType = "com.apple.product-type.bundle.unit-test";
		};
		Reader::SwiftPMPackageDescription /* ReaderPackageDescription */ = {
			isa = PBXNativeTarget;
			buildConfigurationList = OBJ_45 /* Build configuration list for PBXNativeTarget "ReaderPackageDescription" */;
			buildPhases = (
				OBJ_48 /* Sources */,
			);
			buildRules = (
			);
			dependencies = (
			);
			name = ReaderPackageDescription;
			productName = ReaderPackageDescription;
			productType = "com.apple.product-type.framework";
		};
		SwiftCheck::SwiftCheck /* SwiftCheck */ = {
			isa = PBXNativeTarget;
			buildConfigurationList = OBJ_67 /* Build configuration list for PBXNativeTarget "SwiftCheck" */;
			buildPhases = (
				OBJ_70 /* Sources */,
				OBJ_86 /* Frameworks */,
			);
			buildRules = (
			);
			dependencies = (
			);
			name = SwiftCheck;
			productName = SwiftCheck;
			productReference = SwiftCheck::SwiftCheck::Product /* SwiftCheck.framework */;
			productType = "com.apple.product-type.framework";
		};
		SwiftCheck::SwiftPMPackageDescription /* SwiftCheckPackageDescription */ = {
			isa = PBXNativeTarget;
			buildConfigurationList = OBJ_88 /* Build configuration list for PBXNativeTarget "SwiftCheckPackageDescription" */;
			buildPhases = (
				OBJ_91 /* Sources */,
			);
			buildRules = (
			);
			dependencies = (
			);
			name = SwiftCheckPackageDescription;
			productName = SwiftCheckPackageDescription;
			productType = "com.apple.product-type.framework";
		};
/* End PBXNativeTarget section */

/* Begin PBXProject section */
		OBJ_1 /* Project object */ = {
			isa = PBXProject;
			attributes = {
				LastUpgradeCheck = 9999;
			};
			buildConfigurationList = OBJ_2 /* Build configuration list for PBXProject "Reader" */;
			compatibilityVersion = "Xcode 3.2";
			developmentRegion = English;
			hasScannedForEncodings = 0;
			knownRegions = (
				en,
			);
			mainGroup = OBJ_5;
			productRefGroup = OBJ_33 /* Products */;
			projectDirPath = "";
			projectRoot = "";
			targets = (
				Reader::Reader /* Reader */,
				Reader::SwiftPMPackageDescription /* ReaderPackageDescription */,
				Reader::ReaderPackageTests::ProductTarget /* ReaderPackageTests */,
				Reader::ReaderTests /* ReaderTests */,
				SwiftCheck::SwiftCheck /* SwiftCheck */,
				SwiftCheck::SwiftPMPackageDescription /* SwiftCheckPackageDescription */,
			);
		};
/* End PBXProject section */

/* Begin PBXSourcesBuildPhase section */
		OBJ_41 /* Sources */ = {
			isa = PBXSourcesBuildPhase;
			buildActionMask = 0;
			files = (
				OBJ_42 /* Reader.swift in Sources */,
			);
			runOnlyForDeploymentPostprocessing = 0;
		};
		OBJ_48 /* Sources */ = {
			isa = PBXSourcesBuildPhase;
			buildActionMask = 0;
			files = (
				OBJ_49 /* Package.swift in Sources */,
			);
			runOnlyForDeploymentPostprocessing = 0;
		};
		OBJ_59 /* Sources */ = {
			isa = PBXSourcesBuildPhase;
			buildActionMask = 0;
			files = (
				OBJ_60 /* ReaderTests.swift in Sources */,
				1EC50AF921C6AB81003787D3 /* Reader+SwiftCheck.swift in Sources */,
			);
			runOnlyForDeploymentPostprocessing = 0;
		};
		OBJ_70 /* Sources */ = {
			isa = PBXSourcesBuildPhase;
			buildActionMask = 0;
			files = (
				OBJ_71 /* Arbitrary.swift in Sources */,
				OBJ_72 /* Cartesian.swift in Sources */,
				OBJ_73 /* Check.swift in Sources */,
				OBJ_74 /* CoArbitrary.swift in Sources */,
				OBJ_75 /* Compose.swift in Sources */,
				OBJ_76 /* Gen.swift in Sources */,
				OBJ_77 /* Lattice.swift in Sources */,
				OBJ_78 /* Modifiers.swift in Sources */,
				OBJ_79 /* Property.swift in Sources */,
				OBJ_80 /* Random.swift in Sources */,
				OBJ_81 /* Rose.swift in Sources */,
				OBJ_82 /* State.swift in Sources */,
				OBJ_83 /* Test.swift in Sources */,
				OBJ_84 /* Testable.swift in Sources */,
				OBJ_85 /* WitnessedArbitrary.swift in Sources */,
			);
			runOnlyForDeploymentPostprocessing = 0;
		};
		OBJ_91 /* Sources */ = {
			isa = PBXSourcesBuildPhase;
			buildActionMask = 0;
			files = (
				OBJ_92 /* Package.swift in Sources */,
			);
			runOnlyForDeploymentPostprocessing = 0;
		};
/* End PBXSourcesBuildPhase section */

/* Begin PBXTargetDependency section */
		OBJ_54 /* PBXTargetDependency */ = {
			isa = PBXTargetDependency;
			target = Reader::ReaderTests /* ReaderTests */;
			targetProxy = 1EC50AF721C6AB5C003787D3 /* PBXContainerItemProxy */;
		};
		OBJ_64 /* PBXTargetDependency */ = {
			isa = PBXTargetDependency;
			target = SwiftCheck::SwiftCheck /* SwiftCheck */;
			targetProxy = 1EC50AF521C6AB59003787D3 /* PBXContainerItemProxy */;
		};
		OBJ_66 /* PBXTargetDependency */ = {
			isa = PBXTargetDependency;
			target = Reader::Reader /* Reader */;
			targetProxy = 1EC50AF621C6AB59003787D3 /* PBXContainerItemProxy */;
		};
/* End PBXTargetDependency section */

/* Begin XCBuildConfiguration section */
		OBJ_3 /* Debug */ = {
			isa = XCBuildConfiguration;
			buildSettings = {
				CLANG_ENABLE_OBJC_ARC = YES;
				COMBINE_HIDPI_IMAGES = YES;
				COPY_PHASE_STRIP = NO;
				DEBUG_INFORMATION_FORMAT = dwarf;
				DYLIB_INSTALL_NAME_BASE = "@rpath";
				ENABLE_NS_ASSERTIONS = YES;
				GCC_OPTIMIZATION_LEVEL = 0;
				GCC_PREPROCESSOR_DEFINITIONS = (
					"DEBUG=1",
					"$(inherited)",
				);
				MACOSX_DEPLOYMENT_TARGET = 10.10;
				ONLY_ACTIVE_ARCH = YES;
				OTHER_SWIFT_FLAGS = "-DXcode";
				PRODUCT_NAME = "$(TARGET_NAME)";
				SDKROOT = macosx;
				SUPPORTED_PLATFORMS = "macosx iphoneos iphonesimulator appletvos appletvsimulator watchos watchsimulator";
				SWIFT_ACTIVE_COMPILATION_CONDITIONS = "SWIFT_PACKAGE DEBUG";
				SWIFT_OPTIMIZATION_LEVEL = "-Onone";
				USE_HEADERMAP = NO;
			};
			name = Debug;
		};
		OBJ_39 /* Debug */ = {
			isa = XCBuildConfiguration;
			buildSettings = {
				ENABLE_TESTABILITY = YES;
				FRAMEWORK_SEARCH_PATHS = (
					"$(inherited)",
					"$(PLATFORM_DIR)/Developer/Library/Frameworks",
				);
				HEADER_SEARCH_PATHS = "$(inherited)";
				INFOPLIST_FILE = Reader.xcodeproj/Reader_Info.plist;
				LD_RUNPATH_SEARCH_PATHS = "$(inherited) $(TOOLCHAIN_DIR)/usr/lib/swift/macosx";
				OTHER_CFLAGS = "$(inherited)";
				OTHER_LDFLAGS = "$(inherited)";
				OTHER_SWIFT_FLAGS = "$(inherited)";
				PRODUCT_BUNDLE_IDENTIFIER = Reader;
				PRODUCT_MODULE_NAME = "$(TARGET_NAME:c99extidentifier)";
				PRODUCT_NAME = "$(TARGET_NAME:c99extidentifier)";
				SKIP_INSTALL = YES;
				SWIFT_ACTIVE_COMPILATION_CONDITIONS = "$(inherited)";
				SWIFT_VERSION = 4.2;
				TARGET_NAME = Reader;
			};
			name = Debug;
		};
		OBJ_4 /* Release */ = {
			isa = XCBuildConfiguration;
			buildSettings = {
				CLANG_ENABLE_OBJC_ARC = YES;
				COMBINE_HIDPI_IMAGES = YES;
				COPY_PHASE_STRIP = YES;
				DEBUG_INFORMATION_FORMAT = "dwarf-with-dsym";
				DYLIB_INSTALL_NAME_BASE = "@rpath";
				GCC_OPTIMIZATION_LEVEL = s;
				MACOSX_DEPLOYMENT_TARGET = 10.10;
				OTHER_SWIFT_FLAGS = "-DXcode";
				PRODUCT_NAME = "$(TARGET_NAME)";
				SDKROOT = macosx;
				SUPPORTED_PLATFORMS = "macosx iphoneos iphonesimulator appletvos appletvsimulator watchos watchsimulator";
				SWIFT_ACTIVE_COMPILATION_CONDITIONS = SWIFT_PACKAGE;
				SWIFT_OPTIMIZATION_LEVEL = "-Owholemodule";
				USE_HEADERMAP = NO;
			};
			name = Release;
		};
		OBJ_40 /* Release */ = {
			isa = XCBuildConfiguration;
			buildSettings = {
				ENABLE_TESTABILITY = YES;
				FRAMEWORK_SEARCH_PATHS = (
					"$(inherited)",
					"$(PLATFORM_DIR)/Developer/Library/Frameworks",
				);
				HEADER_SEARCH_PATHS = "$(inherited)";
				INFOPLIST_FILE = Reader.xcodeproj/Reader_Info.plist;
				LD_RUNPATH_SEARCH_PATHS = "$(inherited) $(TOOLCHAIN_DIR)/usr/lib/swift/macosx";
				OTHER_CFLAGS = "$(inherited)";
				OTHER_LDFLAGS = "$(inherited)";
				OTHER_SWIFT_FLAGS = "$(inherited)";
				PRODUCT_BUNDLE_IDENTIFIER = Reader;
				PRODUCT_MODULE_NAME = "$(TARGET_NAME:c99extidentifier)";
				PRODUCT_NAME = "$(TARGET_NAME:c99extidentifier)";
				SKIP_INSTALL = YES;
				SWIFT_ACTIVE_COMPILATION_CONDITIONS = "$(inherited)";
				SWIFT_VERSION = 4.2;
				TARGET_NAME = Reader;
			};
			name = Release;
		};
		OBJ_46 /* Debug */ = {
			isa = XCBuildConfiguration;
			buildSettings = {
				LD = /usr/bin/true;
				OTHER_SWIFT_FLAGS = "-swift-version 4.2 -I $(TOOLCHAIN_DIR)/usr/lib/swift/pm/4_2 -target x86_64-apple-macosx10.10 -sdk /Applications/Xcode.app/Contents/Developer/Platforms/MacOSX.platform/Developer/SDKs/MacOSX10.14.sdk";
				SWIFT_VERSION = 4.2;
			};
			name = Debug;
		};
		OBJ_47 /* Release */ = {
			isa = XCBuildConfiguration;
			buildSettings = {
				LD = /usr/bin/true;
				OTHER_SWIFT_FLAGS = "-swift-version 4.2 -I $(TOOLCHAIN_DIR)/usr/lib/swift/pm/4_2 -target x86_64-apple-macosx10.10 -sdk /Applications/Xcode.app/Contents/Developer/Platforms/MacOSX.platform/Developer/SDKs/MacOSX10.14.sdk";
				SWIFT_VERSION = 4.2;
			};
			name = Release;
		};
		OBJ_52 /* Debug */ = {
			isa = XCBuildConfiguration;
			buildSettings = {
			};
			name = Debug;
		};
		OBJ_53 /* Release */ = {
			isa = XCBuildConfiguration;
			buildSettings = {
			};
			name = Release;
		};
		OBJ_57 /* Debug */ = {
			isa = XCBuildConfiguration;
			buildSettings = {
				CLANG_ENABLE_MODULES = YES;
				EMBEDDED_CONTENT_CONTAINS_SWIFT = YES;
				FRAMEWORK_SEARCH_PATHS = (
					"$(inherited)",
					"$(PLATFORM_DIR)/Developer/Library/Frameworks",
				);
				HEADER_SEARCH_PATHS = "$(inherited)";
				INFOPLIST_FILE = Reader.xcodeproj/ReaderTests_Info.plist;
				LD_RUNPATH_SEARCH_PATHS = "$(inherited) @loader_path/../Frameworks @loader_path/Frameworks";
				OTHER_CFLAGS = "$(inherited)";
				OTHER_LDFLAGS = "$(inherited)";
				OTHER_SWIFT_FLAGS = "$(inherited)";
				SWIFT_ACTIVE_COMPILATION_CONDITIONS = "$(inherited)";
				SWIFT_VERSION = 4.2;
				TARGET_NAME = ReaderTests;
			};
			name = Debug;
		};
		OBJ_58 /* Release */ = {
			isa = XCBuildConfiguration;
			buildSettings = {
				CLANG_ENABLE_MODULES = YES;
				EMBEDDED_CONTENT_CONTAINS_SWIFT = YES;
				FRAMEWORK_SEARCH_PATHS = (
					"$(inherited)",
					"$(PLATFORM_DIR)/Developer/Library/Frameworks",
				);
				HEADER_SEARCH_PATHS = "$(inherited)";
				INFOPLIST_FILE = Reader.xcodeproj/ReaderTests_Info.plist;
				LD_RUNPATH_SEARCH_PATHS = "$(inherited) @loader_path/../Frameworks @loader_path/Frameworks";
				OTHER_CFLAGS = "$(inherited)";
				OTHER_LDFLAGS = "$(inherited)";
				OTHER_SWIFT_FLAGS = "$(inherited)";
				SWIFT_ACTIVE_COMPILATION_CONDITIONS = "$(inherited)";
				SWIFT_VERSION = 4.2;
				TARGET_NAME = ReaderTests;
			};
			name = Release;
		};
		OBJ_68 /* Debug */ = {
			isa = XCBuildConfiguration;
			buildSettings = {
				ENABLE_TESTABILITY = YES;
				FRAMEWORK_SEARCH_PATHS = (
					"$(inherited)",
					"$(PLATFORM_DIR)/Developer/Library/Frameworks",
				);
				HEADER_SEARCH_PATHS = "$(inherited)";
				INFOPLIST_FILE = Reader.xcodeproj/SwiftCheck_Info.plist;
				LD_RUNPATH_SEARCH_PATHS = "$(inherited) $(TOOLCHAIN_DIR)/usr/lib/swift/macosx";
				OTHER_CFLAGS = "$(inherited)";
				OTHER_LDFLAGS = "$(inherited)";
				OTHER_SWIFT_FLAGS = "$(inherited)";
				PRODUCT_BUNDLE_IDENTIFIER = SwiftCheck;
				PRODUCT_MODULE_NAME = "$(TARGET_NAME:c99extidentifier)";
				PRODUCT_NAME = "$(TARGET_NAME:c99extidentifier)";
				SKIP_INSTALL = YES;
				SWIFT_ACTIVE_COMPILATION_CONDITIONS = "$(inherited)";
				SWIFT_VERSION = 4.2;
				TARGET_NAME = SwiftCheck;
			};
			name = Debug;
		};
		OBJ_69 /* Release */ = {
			isa = XCBuildConfiguration;
			buildSettings = {
				ENABLE_TESTABILITY = YES;
				FRAMEWORK_SEARCH_PATHS = (
					"$(inherited)",
					"$(PLATFORM_DIR)/Developer/Library/Frameworks",
				);
				HEADER_SEARCH_PATHS = "$(inherited)";
				INFOPLIST_FILE = Reader.xcodeproj/SwiftCheck_Info.plist;
				LD_RUNPATH_SEARCH_PATHS = "$(inherited) $(TOOLCHAIN_DIR)/usr/lib/swift/macosx";
				OTHER_CFLAGS = "$(inherited)";
				OTHER_LDFLAGS = "$(inherited)";
				OTHER_SWIFT_FLAGS = "$(inherited)";
				PRODUCT_BUNDLE_IDENTIFIER = SwiftCheck;
				PRODUCT_MODULE_NAME = "$(TARGET_NAME:c99extidentifier)";
				PRODUCT_NAME = "$(TARGET_NAME:c99extidentifier)";
				SKIP_INSTALL = YES;
				SWIFT_ACTIVE_COMPILATION_CONDITIONS = "$(inherited)";
				SWIFT_VERSION = 4.2;
				TARGET_NAME = SwiftCheck;
			};
			name = Release;
		};
		OBJ_89 /* Debug */ = {
			isa = XCBuildConfiguration;
			buildSettings = {
				LD = /usr/bin/true;
				OTHER_SWIFT_FLAGS = "-swift-version 4.2 -I $(TOOLCHAIN_DIR)/usr/lib/swift/pm/4_2 -target x86_64-apple-macosx10.10 -sdk /Applications/Xcode.app/Contents/Developer/Platforms/MacOSX.platform/Developer/SDKs/MacOSX10.14.sdk";
				SWIFT_VERSION = 4.2;
			};
			name = Debug;
		};
		OBJ_90 /* Release */ = {
			isa = XCBuildConfiguration;
			buildSettings = {
				LD = /usr/bin/true;
				OTHER_SWIFT_FLAGS = "-swift-version 4.2 -I $(TOOLCHAIN_DIR)/usr/lib/swift/pm/4_2 -target x86_64-apple-macosx10.10 -sdk /Applications/Xcode.app/Contents/Developer/Platforms/MacOSX.platform/Developer/SDKs/MacOSX10.14.sdk";
				SWIFT_VERSION = 4.2;
			};
			name = Release;
		};
/* End XCBuildConfiguration section */

/* Begin XCConfigurationList section */
		OBJ_2 /* Build configuration list for PBXProject "Reader" */ = {
			isa = XCConfigurationList;
			buildConfigurations = (
				OBJ_3 /* Debug */,
				OBJ_4 /* Release */,
			);
			defaultConfigurationIsVisible = 0;
			defaultConfigurationName = Release;
		};
		OBJ_38 /* Build configuration list for PBXNativeTarget "Reader" */ = {
			isa = XCConfigurationList;
			buildConfigurations = (
				OBJ_39 /* Debug */,
				OBJ_40 /* Release */,
			);
			defaultConfigurationIsVisible = 0;
			defaultConfigurationName = Release;
		};
		OBJ_45 /* Build configuration list for PBXNativeTarget "ReaderPackageDescription" */ = {
			isa = XCConfigurationList;
			buildConfigurations = (
				OBJ_46 /* Debug */,
				OBJ_47 /* Release */,
			);
			defaultConfigurationIsVisible = 0;
			defaultConfigurationName = Release;
		};
		OBJ_51 /* Build configuration list for PBXAggregateTarget "ReaderPackageTests" */ = {
			isa = XCConfigurationList;
			buildConfigurations = (
				OBJ_52 /* Debug */,
				OBJ_53 /* Release */,
			);
			defaultConfigurationIsVisible = 0;
			defaultConfigurationName = Release;
		};
		OBJ_56 /* Build configuration list for PBXNativeTarget "ReaderTests" */ = {
			isa = XCConfigurationList;
			buildConfigurations = (
				OBJ_57 /* Debug */,
				OBJ_58 /* Release */,
			);
			defaultConfigurationIsVisible = 0;
			defaultConfigurationName = Release;
		};
		OBJ_67 /* Build configuration list for PBXNativeTarget "SwiftCheck" */ = {
			isa = XCConfigurationList;
			buildConfigurations = (
				OBJ_68 /* Debug */,
				OBJ_69 /* Release */,
			);
			defaultConfigurationIsVisible = 0;
			defaultConfigurationName = Release;
		};
		OBJ_88 /* Build configuration list for PBXNativeTarget "SwiftCheckPackageDescription" */ = {
			isa = XCConfigurationList;
			buildConfigurations = (
				OBJ_89 /* Debug */,
				OBJ_90 /* Release */,
			);
			defaultConfigurationIsVisible = 0;
			defaultConfigurationName = Release;
		};
/* End XCConfigurationList section */
	};
	rootObject = OBJ_1 /* Project object */;
}
